
Microsoft Visual Studio Solution File, Format Version 12.00
Project("{FAE04EC0-301F-11D3-BF4B-00C04F79EFBC}") = "Smoerfugl.ConvertHeifToPng", "Smoerfugl.ConvertHeifToPng\Smoerfugl.ConvertHeifToPng.csproj", "{9588C43E-8F6A-4556-AAF7-5A2C654EF6A5}"
EndProject
Project("{2150E333-8FDC-42A3-9474-1A3956D46DE8}") = "Solution Items", "Solution Items", "{1F683030-FB31-4CFC-BF69-3ED2CEC4597F}"
	ProjectSection(SolutionItems) = preProject
		.github\workflows\Build.yml = .github\workflows\Build.yml
	EndProjectSection
EndProject
Project("{9A19103F-16F7-4668-BE54-9A1E7A4F7556}") = "_build", "build\_build.csproj", "{25145DFA-8ECB-4A47-AE1B-7E6CE138616B}"
EndProject
Global
	GlobalSection(SolutionConfigurationPlatforms) = preSolution
		Debug|Any CPU = Debug|Any CPU
		Release|Any CPU = Release|Any CPU
	EndGlobalSection
	GlobalSection(ProjectConfigurationPlatforms) = postSolution
		{25145DFA-8ECB-4A47-AE1B-7E6CE138616B}.Debug|Any CPU.ActiveCfg = Debug|Any CPU
		{25145DFA-8ECB-4A47-AE1B-7E6CE138616B}.Release|Any CPU.ActiveCfg = Release|Any CPU
		{9588C43E-8F6A-4556-AAF7-5A2C654EF6A5}.Debug|Any CPU.ActiveCfg = Debug|Any CPU
		{9588C43E-8F6A-4556-AAF7-5A2C654EF6A5}.Debug|Any CPU.Build.0 = Debug|Any CPU
		{9588C43E-8F6A-4556-AAF7-5A2C654EF6A5}.Release|Any CPU.ActiveCfg = Release|Any CPU
		{9588C43E-8F6A-4556-AAF7-5A2C654EF6A5}.Release|Any CPU.Build.0 = Release|Any CPU
	EndGlobalSection
EndGlobal
